// !$*UTF8*$!
{
	archiveVersion = 1;
	classes = {
	};
	objectVersion = 46;
	objects = {

/* Begin PBXBuildFile section */
		CEB1F4C91EEA51E200EA35CE /* falock02-shuffle.swift in Sources */ = {isa = PBXBuildFile; fileRef = CEB1F4C81EEA51E200EA35CE /* falock02-shuffle.swift */; };
		CEB1F4CB1EEA79C800EA35CE /* falock03.swift in Sources */ = {isa = PBXBuildFile; fileRef = CEB1F4CA1EEA79C800EA35CE /* falock03.swift */; };
		CEF97A401EE8DAA500F4CA88 /* main.swift in Sources */ = {isa = PBXBuildFile; fileRef = CEF97A3F1EE8DAA500F4CA88 /* main.swift */; };
		CEF97A471EE8DAC700F4CA88 /* falock01.swift in Sources */ = {isa = PBXBuildFile; fileRef = CEF97A461EE8DAC700F4CA88 /* falock01.swift */; };
/* End PBXBuildFile section */

/* Begin PBXCopyFilesBuildPhase section */
		CEF97A3A1EE8DAA500F4CA88 /* CopyFiles */ = {
			isa = PBXCopyFilesBuildPhase;
			buildActionMask = 2147483647;
			dstPath = /usr/share/man/man1/;
			dstSubfolderSpec = 0;
			files = (
			);
			runOnlyForDeploymentPostprocessing = 1;
		};
/* End PBXCopyFilesBuildPhase section */

/* Begin PBXFileReference section */
		CEB1F4C81EEA51E200EA35CE /* falock02-shuffle.swift */ = {isa = PBXFileReference; fileEncoding = 4; lastKnownFileType = sourcecode.swift; path = "falock02-shuffle.swift"; sourceTree = "<group>"; };
		CEB1F4CA1EEA79C800EA35CE /* falock03.swift */ = {isa = PBXFileReference; fileEncoding = 4; lastKnownFileType = sourcecode.swift; path = falock03.swift; sourceTree = "<group>"; };
		CEF97A3C1EE8DAA500F4CA88 /* falock's03 */ = {isa = PBXFileReference; explicitFileType = "compiled.mach-o.executable"; includeInIndex = 0; path = "falock's03"; sourceTree = BUILT_PRODUCTS_DIR; };
		CEF97A3F1EE8DAA500F4CA88 /* main.swift */ = {isa = PBXFileReference; lastKnownFileType = sourcecode.swift; path = main.swift; sourceTree = "<group>"; };
		CEF97A461EE8DAC700F4CA88 /* falock01.swift */ = {isa = PBXFileReference; fileEncoding = 4; lastKnownFileType = sourcecode.swift; path = falock01.swift; sourceTree = "<group>"; };
/* End PBXFileReference section */

/* Begin PBXFrameworksBuildPhase section */
		CEF97A391EE8DAA500F4CA88 /* Frameworks */ = {
			isa = PBXFrameworksBuildPhase;
			buildActionMask = 2147483647;
			files = (
			);
			runOnlyForDeploymentPostprocessing = 0;
		};
/* End PBXFrameworksBuildPhase section */

/* Begin PBXGroup section */
		CEF97A331EE8DAA500F4CA88 = {
			isa = PBXGroup;
			children = (
				CEF97A3E1EE8DAA500F4CA88 /* falock's03 */,
				CEF97A3D1EE8DAA500F4CA88 /* Products */,
			);
			sourceTree = "<group>";
		};
		CEF97A3D1EE8DAA500F4CA88 /* Products */ = {
			isa = PBXGroup;
			children = (
				CEF97A3C1EE8DAA500F4CA88 /* falock's03 */,
			);
			name = Products;
			sourceTree = "<group>";
		};
		CEF97A3E1EE8DAA500F4CA88 /* falock's03 */ = {
			isa = PBXGroup;
			children = (
				CEF97A3F1EE8DAA500F4CA88 /* main.swift */,
				CEF97A461EE8DAC700F4CA88 /* falock01.swift */,
				CEB1F4C81EEA51E200EA35CE /* falock02-shuffle.swift */,
				CEB1F4CA1EEA79C800EA35CE /* falock03.swift */,
			);
			path = "falock's03";
			sourceTree = "<group>";
		};
/* End PBXGroup section */

/* Begin PBXNativeTarget section */
		CEF97A3B1EE8DAA500F4CA88 /* falock's03 */ = {
			isa = PBXNativeTarget;
			buildConfigurationList = CEF97A431EE8DAA500F4CA88 /* Build configuration list for PBXNativeTarget "falock's03" */;
			buildPhases = (
				CEF97A381EE8DAA500F4CA88 /* Sources */,
				CEF97A391EE8DAA500F4CA88 /* Frameworks */,
				CEF97A3A1EE8DAA500F4CA88 /* CopyFiles */,
			);
			buildRules = (
			);
			dependencies = (
			);
			name = "falock's03";
			productName = "falock's03";
			productReference = CEF97A3C1EE8DAA500F4CA88 /* falock's03 */;
			productType = "com.apple.product-type.tool";
		};
/* End PBXNativeTarget section */

/* Begin PBXProject section */
		CEF97A341EE8DAA500F4CA88 /* Project object */ = {
			isa = PBXProject;
			attributes = {
				LastSwiftUpdateCheck = 0830;
				LastUpgradeCheck = 0830;
				ORGANIZATIONNAME = user;
				TargetAttributes = {
					CEF97A3B1EE8DAA500F4CA88 = {
						CreatedOnToolsVersion = 8.3.3;
						ProvisioningStyle = Automatic;
					};
				};
			};
			buildConfigurationList = CEF97A371EE8DAA500F4CA88 /* Build configuration list for PBXProject "falock's03" */;
			compatibilityVersion = "Xcode 3.2";
			developmentRegion = English;
			hasScannedForEncodings = 0;
			knownRegions = (
				en,
			);
			mainGroup = CEF97A331EE8DAA500F4CA88;
			productRefGroup = CEF97A3D1EE8DAA500F4CA88 /* Products */;
			projectDirPath = "";
			projectRoot = "";
			targets = (
				CEF97A3B1EE8DAA500F4CA88 /* falock's03 */,
			);
		};
/* End PBXProject section */

/* Begin PBXSourcesBuildPhase section */
		CEF97A381EE8DAA500F4CA88 /* Sources */ = {
			isa = PBXSourcesBuildPhase;
			buildActionMask = 2147483647;
			files = (
				CEB1F4CB1EEA79C800EA35CE /* falock03.swift in Sources */,
				CEF97A471EE8DAC700F4CA88 /* falock01.swift in Sources */,
				CEB1F4C91EEA51E200EA35CE /* falock02-shuffle.swift in Sources */,
				CEF97A401EE8DAA500F4CA88 /* main.swift in Sources */,
			);
			runOnlyForDeploymentPostprocessing = 0;
		};
/* End PBXSourcesBuildPhase section */

/* Begin XCBuildConfiguration section */
		CEF97A411EE8DAA500F4CA88 /* Debug */ = {
			isa = XCBuildConfiguration;
			buildSettings = {
				ALWAYS_SEARCH_USER_PATHS = NO;
				CLANG_ANALYZER_NONNULL = YES;
				CLANG_ANALYZER_NUMBER_OBJECT_CONVERSION = YES_AGGRESSIVE;
				CLANG_CXX_LANGUAGE_STANDARD = "gnu++0x";
				CLANG_CXX_LIBRARY = "libc++";
				CLANG_ENABLE_MODULES = YES;
				CLANG_ENABLE_OBJC_ARC = YES;
				CLANG_WARN_BOOL_CONVERSION = YES;
				CLANG_WARN_CONSTANT_CONVERSION = YES;
				CLANG_WARN_DIRECT_OBJC_ISA_USAGE = YES_ERROR;
				CLANG_WARN_DOCUMENTATION_COMMENTS = YES;
				CLANG_WARN_EMPTY_BODY = YES;
				CLANG_WARN_ENUM_CONVERSION = YES;
				CLANG_WARN_INFINITE_RECURSION = YES;
				CLANG_WARN_INT_CONVERSION = YES;
				CLANG_WARN_OBJC_ROOT_CLASS = YES_ERROR;
				CLANG_WARN_SUSPICIOUS_MOVE = YES;
				CLANG_WARN_UNREACHABLE_CODE = YES;
				CLANG_WARN__DUPLICATE_METHOD_MATCH = YES;
				CODE_SIGN_IDENTITY = "-";
				COPY_PHASE_STRIP = NO;
				DEBUG_INFORMATION_FORMAT = dwarf;
				ENABLE_STRICT_OBJC_MSGSEND = YES;
				ENABLE_TESTABILITY = YES;
				GCC_C_LANGUAGE_STANDARD = gnu99;
				GCC_DYNAMIC_NO_PIC = NO;
				GCC_NO_COMMON_BLOCKS = YES;
				GCC_OPTIMIZATION_LEVEL = 0;
				GCC_PREPROCESSOR_DEFINITIONS = (
					"DEBUG=1",
					"$(inherited)",
				);
				GCC_WARN_64_TO_32_BIT_CONVERSION = YES;
				GCC_WARN_ABOUT_RETURN_TYPE = YES_ERROR;
				GCC_WARN_UNDECLARED_SELECTOR = YES;
				GCC_WARN_UNINITIALIZED_AUTOS = YES_AGGRESSIVE;
				GCC_WARN_UNUSED_FUNCTION = YES;
				GCC_WARN_UNUSED_VARIABLE = YES;
				MACOSX_DEPLOYMENT_TARGET = 10.12;
				MTL_ENABLE_DEBUG_INFO = YES;
				ONLY_ACTIVE_ARCH = YES;
				SDKROOT = macosx;
				SWIFT_OPTIMIZATION_LEVEL = "-Onone";
			};
			name = Debug;
		};
		CEF97A421EE8DAA500F4CA88 /* Release */ = {
			isa = XCBuildConfiguration;
			buildSettings = {
				ALWAYS_SEARCH_USER_PATHS = NO;
				CLANG_ANALYZER_NONNULL = YES;
				CLANG_ANALYZER_NUMBER_OBJECT_CONVERSION = YES_AGGRESSIVE;
				CLANG_CXX_LANGUAGE_STANDARD = "gnu++0x";
				CLANG_CXX_LIBRARY = "libc++";
				CLANG_ENABLE_MODULES = YES;
				CLANG_ENABLE_OBJC_ARC = YES;
				CLANG_WARN_BOOL_CONVERSION = YES;
				CLANG_WARN_CONSTANT_CONVERSION = YES;
				CLANG_WARN_DIRECT_OBJC_ISA_USAGE = YES_ERROR;
				CLANG_WARN_DOCUMENTATION_COMMENTS = YES;
				CLANG_WARN_EMPTY_BODY = YES;
				CLANG_WARN_ENUM_CONVERSION = YES;
				CLANG_WARN_INFINITE_RECURSION = YES;
				CLANG_WARN_INT_CONVERSION = YES;
				CLANG_WARN_OBJC_ROOT_CLASS = YES_ERROR;
				CLANG_WARN_SUSPICIOUS_MOVE = YES;
				CLANG_WARN_UNREACHABLE_CODE = YES;
				CLANG_WARN__DUPLICATE_METHOD_MATCH = YES;
				CODE_SIGN_IDENTITY = "-";
				COPY_PHASE_STRIP = NO;
				DEBUG_INFORMATION_FORMAT = "dwarf-with-dsym";
				ENABLE_NS_ASSERTIONS = NO;
				ENABLE_STRICT_OBJC_MSGSEND = YES;
				GCC_C_LANGUAGE_STANDARD = gnu99;
				GCC_NO_COMMON_BLOCKS = YES;
				GCC_WARN_64_TO_32_BIT_CONVERSION = YES;
				GCC_WARN_ABOUT_RETURN_TYPE = YES_ERROR;
				GCC_WARN_UNDECLARED_SELECTOR = YES;
				GCC_WARN_UNINITIALIZED_AUTOS = YES_AGGRESSIVE;
				GCC_WARN_UNUSED_FUNCTION = YES;
				GCC_WARN_UNUSED_VARIABLE = YES;
				MACOSX_DEPLOYMENT_TARGET = 10.12;
				MTL_ENABLE_DEBUG_INFO = NO;
				SDKROOT = macosx;
			};
			name = Release;
		};
		CEF97A441EE8DAA500F4CA88 /* Debug */ = {
			isa = XCBuildConfiguration;
			buildSettings = {
				PRODUCT_NAME = "$(TARGET_NAME)";
				SWIFT_VERSION = 3.0;
			};
			name = Debug;
		};
		CEF97A451EE8DAA500F4CA88 /* Release */ = {
			isa = XCBuildConfiguration;
			buildSettings = {
				PRODUCT_NAME = "$(TARGET_NAME)";
				SWIFT_VERSION = 3.0;
			};
			name = Release;
		};
/* End XCBuildConfiguration section */

/* Begin XCConfigurationList section */
		CEF97A371EE8DAA500F4CA88 /* Build configuration list for PBXProject "falock's03" */ = {
			isa = XCConfigurationList;
			buildConfigurations = (
				CEF97A411EE8DAA500F4CA88 /* Debug */,
				CEF97A421EE8DAA500F4CA88 /* Release */,
			);
			defaultConfigurationIsVisible = 0;
			defaultConfigurationName = Release;
		};
		CEF97A431EE8DAA500F4CA88 /* Build configuration list for PBXNativeTarget "falock's03" */ = {
			isa = XCConfigurationList;
			buildConfigurations = (
				CEF97A441EE8DAA500F4CA88 /* Debug */,
				CEF97A451EE8DAA500F4CA88 /* Release */,
			);
			defaultConfigurationIsVisible = 0;
			defaultConfigurationName = Release;
		};
/* End XCConfigurationList section */
	};
	rootObject = CEF97A341EE8DAA500F4CA88 /* Project object */;
}
